{
  "name": "osmoda-gateway",
  "version": "1.3.0",
  "lockfileVersion": 3,
  "requires": true,
  "packages": {
    "": {
      "name": "osmoda-gateway",
      "version": "1.3.0",
      "dependencies": {
        "ws": "^8.20.1"
      },
      "bin": {
        "osmoda-gateway": "dist/index.js"
      },
      "devDependencies": {
        "@types/node": "^22.0.0",
        "@types/ws": "^8.5.0",
        "typescript": "^5.6.0"
      },
      "optionalDependencies": {
        "@anthropic-ai/claude-code": "^2.1.175"
      }
    },
    "node_modules/@anthropic-ai/claude-code": {
      "version": "2.1.175",
      "resolved": "https://registry.npmjs.org/@anthropic-ai/claude-code/-/claude-code-2.1.175.tgz",
      "integrity": "sha512-x37KEw7T1vz/CLkpLYqa8d6eyS/R1777+HMYJRqYf4e5+OhZwF/+d1LoTs5vFXTrFCWFjZTbWGZksW/gKpvCTQ==",
      "hasInstallScript": true,
      "license": "SEE LICENSE IN README.md",
      "optional": true,
      "bin": {
        "claude": "bin/claude.exe"
      },
      "engines": {
        "node": ">=18.0.0"
      },
      "optionalDependencies": {
        "@anthropic-ai/claude-code-darwin-arm64": "2.1.175",
        "@anthropic-ai/claude-code-darwin-x64": "2.1.175",
        "@anthropic-ai/claude-code-linux-arm64": "2.1.175",
        "@anthropic-ai/claude-code-linux-arm64-musl": "2.1.175",
        "@anthropic-ai/claude-code-linux-x64": "2.1.175",
        "@anthropic-ai/claude-code-linux-x64-musl": "2.1.175",
        "@anthropic-ai/claude-code-win32-arm64": "2.1.175",
        "@anthropic-ai/claude-code-win32-x64": "2.1.175"
      }
    },
    "node_modules/@anthropic-ai/claude-code-darwin-arm64": {
      "version": "2.1.175",
      "resolved": "https://registry.npmjs.org/@anthropic-ai/claude-code-darwin-arm64/-/claude-code-darwin-arm64-2.1.175.tgz",
      "integrity": "sha512-IHaWNzREnQ8QSxlUC5aYemKzmr+OnDhY7DDO/cQVSu7bCFbXwEel306eT1Xga4Nlr9GxIicLbaWaFc3OeTiYQA==",
      "cpu": [
        "arm64"
      ],
      "license": "SEE LICENSE IN LICENSE.md",
      "optional": true,
      "os": [
        "darwin"
      ]
    },
    "node_modules/@anthropic-ai/claude-code-darwin-x64": {
      "version": "2.1.175",
      "resolved": "https://registry.npmjs.org/@anthropic-ai/claude-code-darwin-x64/-/claude-code-darwin-x64-2.1.175.tgz",
      "integrity": "sha512-Og9B+d/o/eefb7pPDZ/o5kvlsapDBuGPbr01CiPiGpAQu2wAb0xNCPJFu+s82detnpXVT6HoO29V5HWzue5vMA==",
      "cpu": [
        "x64"
      ],
      "license": "SEE LICENSE IN LICENSE.md",
      "optional": true,
      "os": [
        "darwin"
      ]
    },
    "node_modules/@anthropic-ai/claude-code-linux-arm64": {
      "version": "2.1.175",
      "resolved": "https://registry.npmjs.org/@anthropic-ai/claude-code-linux-arm64/-/claude-code-linux-arm64-2.1.175.tgz",
      "integrity": "sha512-epI+k0kRRaNJXN3WtRGHveR7uJshyOYIGH4CcU8cXn595fqkw8y9Unrcn10kewFzn7814IWcQNFM8K14NjqaiA==",
      "cpu": [
        "arm64"
      ],
      "license": "SEE LICENSE IN LICENSE.md",
      "optional": true,
      "os": [
        "linux"
      ]
    },
    "node_modules/@anthropic-ai/claude-code-linux-arm64-musl": {
      "version": "2.1.175",
      "resolved": "https://registry.npmjs.org/@anthropic-ai/claude-code-linux-arm64-musl/-/claude-code-linux-arm64-musl-2.1.175.tgz",
      "integrity": "sha512-9l75IeDCocZrvnazCOapQT8N9M26EVZi8PNpbOytyr74ur1R91VkClZYmUv2NpKb0MQLz8wEoFTE+1uqxFGQJQ==",
      "cpu": [
        "arm64"
      ],
      "license": "SEE LICENSE IN LICENSE.md",
      "optional": true,
      "os": [
        "linux"
      ]
    },
    "node_modules/@anthropic-ai/claude-code-linux-x64": {
      "version": "2.1.175",
      "resolved": "https://registry.npmjs.org/@anthropic-ai/claude-code-linux-x64/-/claude-code-linux-x64-2.1.175.tgz",
      "integrity": "sha512-RegEK8Cdj5tM2ZiePk887o+OwwfibR5jxI2yh3z0aKtelFH63kM2TZEGvroj5iCsKP33LMK3kFKwBD4gJ3d1LQ==",
      "cpu": [
        "x64"
      ],
      "license": "SEE LICENSE IN LICENSE.md",
      "optional": true,
      "os": [
        "linux"
      ]
    },
    "node_modules/@anthropic-ai/claude-code-linux-x64-musl": {
      "version": "2.1.175",
      "resolved": "https://registry.npmjs.org/@anthropic-ai/claude-code-linux-x64-musl/-/claude-code-linux-x64-musl-2.1.175.tgz",
      "integrity": "sha512-I2zGSfFUc2kfdYwxuG7FqCeY5yn1pRcjWD9JroiIMrHq9628XNKhEcGVfgqtHkMx8SB049RCKbd00OoNiimmqQ==",
      "cpu": [
        "x64"
      ],
      "license": "SEE LICENSE IN LICENSE.md",
      "optional": true,
      "os": [
        "linux"
      ]
    },
    "node_modules/@anthropic-ai/claude-code-win32-arm64": {
      "version": "2.1.175",
      "resolved": "https://registry.npmjs.org/@anthropic-ai/claude-code-win32-arm64/-/claude-code-win32-arm64-2.1.175.tgz",
      "integrity": "sha512-pqv/cN6ntggJXnKcevBpd9540Aamm69h2DN2nvzjs5gkWsAMKQA1s0EvmnynPNnOj66Q6l9XK8a8aID08C4N7g==",
      "cpu": [
        "arm64"
      ],
      "license": "SEE LICENSE IN LICENSE.md",
      "optional": true,
      "os": [
        "win32"
      ]
    },
    "node_modules/@anthropic-ai/claude-code-win32-x64": {
      "version": "2.1.175",
      "resolved": "https://registry.npmjs.org/@anthropic-ai/claude-code-win32-x64/-/claude-code-win32-x64-2.1.175.tgz",
      "integrity": "sha512-YuMBtAWUG/A7WpUKJ9YVIy7H4vuOCAQymlc2N6nzc6cQeFjnqAb7tNhz10+QY0QgXlJAHmYD2npIdaCsqR2o2A==",
      "cpu": [
        "x64"
      ],
      "license": "SEE LICENSE IN LICENSE.md",
      "optional": true,
      "os": [
        "win32"
      ]
    },
    "node_modules/@types/node": {
      "version": "22.19.17",
      "resolved": "https://registry.npmjs.org/@types/node/-/node-22.19.17.tgz",
      "integrity": "sha512-wGdMcf+vPYM6jikpS/qhg6WiqSV/OhG+jeeHT/KlVqxYfD40iYJf9/AE1uQxVWFvU7MipKRkRv8NSHiCGgPr8Q==",
      "dev": true,
      "license": "MIT",
      "dependencies": {
        "undici-types": "~6.21.0"
      }
    },
    "node_modules/@types/ws": {
      "version": "8.18.1",
      "resolved": "https://registry.npmjs.org/@types/ws/-/ws-8.18.1.tgz",
      "integrity": "sha512-ThVF6DCVhA8kUGy+aazFQ4kXQ7E1Ty7A3ypFOe0IcJV8O/M511G99AW24irKrW56Wt44yG9+ij8FaqoBGkuBXg==",
      "dev": true,
      "license": "MIT",
      "dependencies": {
        "@types/node": "*"
      }
    },
    "node_modules/typescript": {
      "version": "5.9.3",
      "resolved": "https://registry.npmjs.org/typescript/-/typescript-5.9.3.tgz",
      "integrity": "sha512-jl1vZzPDinLr9eUt3J/t7V6FgNEw9QjvBPdysz9KfQDD41fQrC2Y4vKQdiaUpFT4bXlb1RHhLpp8wtm6M5TgSw==",
      "dev": true,
      "license": "Apache-2.0",
      "bin": {
        "tsc": "bin/tsc",
        "tsserver": "bin/tsserver"
      },
      "engines": {
        "node": ">=14.17"
      }
    },
    "node_modules/undici-types": {
      "version": "6.21.0",
      "resolved": "https://registry.npmjs.org/undici-types/-/undici-types-6.21.0.tgz",
      "integrity": "sha512-iwDZqg0QAGrg9Rav5H4n0M64c3mkR59cJ6wQp+7C4nI0gsmExaedaYLNO44eT4AtBBwjbTiGPMlt2Md0T9H9JQ==",
      "dev": true,
      "license": "MIT"
    },
    "node_modules/ws": {
      "version": "8.20.1",
      "resolved": "https://registry.npmjs.org/ws/-/ws-8.20.1.tgz",
      "integrity": "sha512-It4dO0K5v//JtTXuPkfEOaI3uUN87iYPnqo/ZzqCoG3g8uhA66QUMs/SrM0YK7/NAu+r4LMh/9dq2A7k+rHs+w==",
      "license": "MIT",
      "engines": {
        "node": ">=10.0.0"
      },
      "peerDependencies": {
        "bufferutil": "^4.0.1",
        "utf-8-validate": ">=5.0.2"
      },
      "peerDependenciesMeta": {
        "bufferutil": {
          "optional": true
        },
        "utf-8-validate": {
          "optional": true
        }
      }
    }
  }
}
