{
  "name": "osmoda-gateway",
  "version": "1.3.0",
  "lockfileVersion": 3,
  "requires": true,
  "packages": {
    "": {
      "name": "osmoda-gateway",
      "version": "1.3.0",
      "dependencies": {
        "@anthropic-ai/claude-code": "2.1.163",
        "ws": "^8.18.0"
      },
      "bin": {
        "osmoda-gateway": "dist/index.js"
      },
      "devDependencies": {
        "@types/node": "^22.0.0",
        "@types/ws": "^8.5.0",
        "typescript": "^5.6.0"
      },
      "optionalDependencies": {
        "@anthropic-ai/claude-code": "^2.1.163"
      }
    },
    "node_modules/@anthropic-ai/claude-code": {
      "version": "2.1.163",
      "resolved": "https://registry.npmjs.org/@anthropic-ai/claude-code/-/claude-code-2.1.163.tgz",
      "integrity": "sha512-aK+hmLIaxp6v2M/fifhrCdYJ+kuQuGOl4Iok+AwRijeZl/HMn55rkwF6lEIq1Ny0xNCp2UKiZcmCegyoMumoWg==",
      "hasInstallScript": true,
      "license": "SEE LICENSE IN README.md",
      "optional": true,
      "bin": {
        "claude": "bin/claude.exe"
      },
      "engines": {
        "node": ">=18.0.0"
      },
      "optionalDependencies": {
        "@anthropic-ai/claude-code-darwin-arm64": "2.1.163",
        "@anthropic-ai/claude-code-darwin-x64": "2.1.163",
        "@anthropic-ai/claude-code-linux-arm64": "2.1.163",
        "@anthropic-ai/claude-code-linux-arm64-musl": "2.1.163",
        "@anthropic-ai/claude-code-linux-x64": "2.1.163",
        "@anthropic-ai/claude-code-linux-x64-musl": "2.1.163",
        "@anthropic-ai/claude-code-win32-arm64": "2.1.163",
        "@anthropic-ai/claude-code-win32-x64": "2.1.163"
      }
    },
    "node_modules/@anthropic-ai/claude-code-darwin-arm64": {
      "version": "2.1.163",
      "resolved": "https://registry.npmjs.org/@anthropic-ai/claude-code-darwin-arm64/-/claude-code-darwin-arm64-2.1.163.tgz",
      "integrity": "sha512-SZPoYNIjj8Osgde5m2UtJcUlKPqnqajc1uwzBk87qU+cqpMKg2KNBMN5rGUoHCX81fNs6jdWJuKuJgCB6Eqazw==",
      "cpu": [
        "arm64"
      ],
      "license": "SEE LICENSE IN LICENSE.md",
      "optional": true,
      "os": [
        "darwin"
      ]
    },
    "node_modules/@anthropic-ai/claude-code-darwin-x64": {
      "version": "2.1.163",
      "resolved": "https://registry.npmjs.org/@anthropic-ai/claude-code-darwin-x64/-/claude-code-darwin-x64-2.1.163.tgz",
      "integrity": "sha512-MTy4TO8LUqnRxGXoIE3Jk5bYgiRqvJlXSIZxAO2m69Is9HK+mLevzU9Rr1ZKy+49ExJCNp8392G6+LEUP5+hdQ==",
      "cpu": [
        "x64"
      ],
      "license": "SEE LICENSE IN LICENSE.md",
      "optional": true,
      "os": [
        "darwin"
      ]
    },
    "node_modules/@anthropic-ai/claude-code-linux-arm64": {
      "version": "2.1.163",
      "resolved": "https://registry.npmjs.org/@anthropic-ai/claude-code-linux-arm64/-/claude-code-linux-arm64-2.1.163.tgz",
      "integrity": "sha512-DLKiXFVTIuUfTnmeGoOEvOTwv5z0xi0yY1wSigubX3Q0jP12RgL3IBYOAtb4ytM3voAi4n/NhixvTwOWly2EEw==",
      "cpu": [
        "arm64"
      ],
      "libc": [
        "glibc"
      ],
      "license": "SEE LICENSE IN LICENSE.md",
      "optional": true,
      "os": [
        "linux"
      ]
    },
    "node_modules/@anthropic-ai/claude-code-linux-arm64-musl": {
      "version": "2.1.163",
      "resolved": "https://registry.npmjs.org/@anthropic-ai/claude-code-linux-arm64-musl/-/claude-code-linux-arm64-musl-2.1.163.tgz",
      "integrity": "sha512-Quu85w7PxNYxxikc0tMQvT5EQH4debsci8EuTx97AYiuptmHmKgi5EkwQxwNo8YXS5IttwUU9QLc41FA6JEa8A==",
      "cpu": [
        "arm64"
      ],
      "libc": [
        "musl"
      ],
      "license": "SEE LICENSE IN LICENSE.md",
      "optional": true,
      "os": [
        "linux"
      ]
    },
    "node_modules/@anthropic-ai/claude-code-linux-x64": {
      "version": "2.1.163",
      "resolved": "https://registry.npmjs.org/@anthropic-ai/claude-code-linux-x64/-/claude-code-linux-x64-2.1.163.tgz",
      "integrity": "sha512-K0CAuLxVqLhenPzi56Ysx157GHDXvcSyegyEFlr3jKdmjIClBynQZlRdZdePeQWBdmz5KrnzJ/lT5zzSH5GKUQ==",
      "cpu": [
        "x64"
      ],
      "libc": [
        "glibc"
      ],
      "license": "SEE LICENSE IN LICENSE.md",
      "optional": true,
      "os": [
        "linux"
      ]
    },
    "node_modules/@anthropic-ai/claude-code-linux-x64-musl": {
      "version": "2.1.163",
      "resolved": "https://registry.npmjs.org/@anthropic-ai/claude-code-linux-x64-musl/-/claude-code-linux-x64-musl-2.1.163.tgz",
      "integrity": "sha512-DAEhRqBlUkURnOiVGQWIu3Mje466l9dOSQn8TVZx3HdZwUtb0JiRul4rIGWuV10APnVpKteUHdw3WvBASkKluQ==",
      "cpu": [
        "x64"
      ],
      "libc": [
        "musl"
      ],
      "license": "SEE LICENSE IN LICENSE.md",
      "optional": true,
      "os": [
        "linux"
      ]
    },
    "node_modules/@anthropic-ai/claude-code-win32-arm64": {
      "version": "2.1.163",
      "resolved": "https://registry.npmjs.org/@anthropic-ai/claude-code-win32-arm64/-/claude-code-win32-arm64-2.1.163.tgz",
      "integrity": "sha512-wqFdygVVhpl3SZ9OlWx41+sU9G45FeSxHqXS9vKoHGk+h7n8SdNLipiXcqslhTBIilcKslQpq9WxlU8o8gyjeQ==",
      "cpu": [
        "arm64"
      ],
      "license": "SEE LICENSE IN LICENSE.md",
      "optional": true,
      "os": [
        "win32"
      ]
    },
    "node_modules/@anthropic-ai/claude-code-win32-x64": {
      "version": "2.1.163",
      "resolved": "https://registry.npmjs.org/@anthropic-ai/claude-code-win32-x64/-/claude-code-win32-x64-2.1.163.tgz",
      "integrity": "sha512-uTd+gFmqTQ9lVsA9dsVBYKeIKj6lB5zVNWWKUqV9RdDavDFXTgbbPw7LffEfQcbkiAU4UK+CQFuRRqXjJqsCDQ==",
      "cpu": [
        "x64"
      ],
      "license": "SEE LICENSE IN LICENSE.md",
      "optional": true,
      "os": [
        "win32"
      ]
    },
    "node_modules/@types/node": {
      "version": "22.19.17",
      "resolved": "https://registry.npmjs.org/@types/node/-/node-22.19.17.tgz",
      "integrity": "sha512-wGdMcf+vPYM6jikpS/qhg6WiqSV/OhG+jeeHT/KlVqxYfD40iYJf9/AE1uQxVWFvU7MipKRkRv8NSHiCGgPr8Q==",
      "dev": true,
      "license": "MIT",
      "dependencies": {
        "undici-types": "~6.21.0"
      }
    },
    "node_modules/@types/ws": {
      "version": "8.18.1",
      "resolved": "https://registry.npmjs.org/@types/ws/-/ws-8.18.1.tgz",
      "integrity": "sha512-ThVF6DCVhA8kUGy+aazFQ4kXQ7E1Ty7A3ypFOe0IcJV8O/M511G99AW24irKrW56Wt44yG9+ij8FaqoBGkuBXg==",
      "dev": true,
      "license": "MIT",
      "dependencies": {
        "@types/node": "*"
      }
    },
    "node_modules/typescript": {
      "version": "5.9.3",
      "resolved": "https://registry.npmjs.org/typescript/-/typescript-5.9.3.tgz",
      "integrity": "sha512-jl1vZzPDinLr9eUt3J/t7V6FgNEw9QjvBPdysz9KfQDD41fQrC2Y4vKQdiaUpFT4bXlb1RHhLpp8wtm6M5TgSw==",
      "dev": true,
      "license": "Apache-2.0",
      "bin": {
        "tsc": "bin/tsc",
        "tsserver": "bin/tsserver"
      },
      "engines": {
        "node": ">=14.17"
      }
    },
    "node_modules/undici-types": {
      "version": "6.21.0",
      "resolved": "https://registry.npmjs.org/undici-types/-/undici-types-6.21.0.tgz",
      "integrity": "sha512-iwDZqg0QAGrg9Rav5H4n0M64c3mkR59cJ6wQp+7C4nI0gsmExaedaYLNO44eT4AtBBwjbTiGPMlt2Md0T9H9JQ==",
      "dev": true,
      "license": "MIT"
    },
    "node_modules/ws": {
      "version": "8.20.0",
      "resolved": "https://registry.npmjs.org/ws/-/ws-8.20.0.tgz",
      "integrity": "sha512-sAt8BhgNbzCtgGbt2OxmpuryO63ZoDk/sqaB/znQm94T4fCEsy/yV+7CdC1kJhOU9lboAEU7R3kquuycDoibVA==",
      "license": "MIT",
      "engines": {
        "node": ">=10.0.0"
      },
      "peerDependencies": {
        "bufferutil": "^4.0.1",
        "utf-8-validate": ">=5.0.2"
      },
      "peerDependenciesMeta": {
        "bufferutil": {
          "optional": true
        },
        "utf-8-validate": {
          "optional": true
        }
      }
    }
  }
}
